
Microsoft Visual Studio Solution File, Format Version 12.00
# Visual Studio Version 16
VisualStudioVersion = 16.0.30907.101
MinimumVisualStudioVersion = 10.0.40219.1
Project("{FAE04EC0-301F-11D3-BF4B-00C04F79EFBC}") = "ConsoleApp.Aula5", "ConsoleApp.Aula5\ConsoleApp.Aula5.csproj", "{A5A7E425-0711-4585-B383-55EF995CCC85}"
EndProject
Global
	GlobalSection(SolutionConfigurationPlatforms) = preSolution
		Debug|Any CPU = Debug|Any CPU
		Release|Any CPU = Release|Any CPU
	EndGlobalSection
	GlobalSection(ProjectConfigurationPlatforms) = postSolution
		{A5A7E425-0711-4585-B383-55EF995CCC85}.Debug|Any CPU.ActiveCfg = Debug|Any CPU
		{A5A7E425-0711-4585-B383-55EF995CCC85}.Debug|Any CPU.Build.0 = Debug|Any CPU
		{A5A7E425-0711-4585-B383-55EF995CCC85}.Release|Any CPU.ActiveCfg = Release|Any CPU
		{A5A7E425-0711-4585-B383-55EF995CCC85}.Release|Any CPU.Build.0 = Release|Any CPU
	EndGlobalSection
	GlobalSection(SolutionProperties) = preSolution
		HideSolutionNode = FALSE
	EndGlobalSection
	GlobalSection(ExtensibilityGlobals) = postSolution
		SolutionGuid = {FF8FF599-1949-4EAE-BFB4-24D0DC2F262F}
	EndGlobalSection
EndGlobal
